{
  "name": "wx-mini-program",
  "version": "1.0.0",
  "lockfileVersion": 1,
  "requires": true,
  "dependencies": {
    "jsencrypt": {
      "version": "3.2.1",
      "resolved": "https://r.cnpmjs.org/jsencrypt/download/jsencrypt-3.2.1.tgz",
      "integrity": "sha1-CXZpg8x2AIj/JrEv5+V0JSr5dyc="
    }
  }
}
